
Microsoft Visual Studio Solution File, Format Version 12.00
# Visual Studio Version 17
VisualStudioVersion = 17.4.33103.184
MinimumVisualStudioVersion = 10.0.40219.1
Project("{FAE04EC0-301F-11D3-BF4B-00C04F79EFBC}") = "Proiect_Medii_2", "Proiect_Medii_2\Proiect_Medii_2.csproj", "{A0E7B6B3-1666-402D-BFCF-3FA868ABB8E3}"
EndProject
Global
	GlobalSection(SolutionConfigurationPlatforms) = preSolution
		Debug|Any CPU = Debug|Any CPU
		Release|Any CPU = Release|Any CPU
	EndGlobalSection
	GlobalSection(ProjectConfigurationPlatforms) = postSolution
		{A0E7B6B3-1666-402D-BFCF-3FA868ABB8E3}.Debug|Any CPU.ActiveCfg = Debug|Any CPU
		{A0E7B6B3-1666-402D-BFCF-3FA868ABB8E3}.Debug|Any CPU.Build.0 = Debug|Any CPU
		{A0E7B6B3-1666-402D-BFCF-3FA868ABB8E3}.Release|Any CPU.ActiveCfg = Release|Any CPU
		{A0E7B6B3-1666-402D-BFCF-3FA868ABB8E3}.Release|Any CPU.Build.0 = Release|Any CPU
	EndGlobalSection
	GlobalSection(SolutionProperties) = preSolution
		HideSolutionNode = FALSE
	EndGlobalSection
	GlobalSection(ExtensibilityGlobals) = postSolution
		SolutionGuid = {3E011AB3-CD16-414D-9126-258B957B9422}
	EndGlobalSection
EndGlobal
